speakeasyVersion: 1.509.1
sources:
    Gusto-App-Int-OAS:
        sourceNamespace: gusto-app-int-oas
        sourceRevisionDigest: sha256:c693384ef8e2af365191830bf87d3d0a8f59abea1f5feb015103fb3283b5be76
        sourceBlobDigest: sha256:bb7752fe5587982725e370527a5e922ee246a9bfd49049093133f05b1c4342f8
        tags:
            - latest
            - speakeasy-sdk-regen-1741109719
            - "2024-04-01"
    Gusto-OAS:
        sourceNamespace: gusto-oas
        sourceRevisionDigest: sha256:567e5eb3d3099178434fed33fdb02e3c999f5baaf1e6f30d25584f0d6a94d46f
        sourceBlobDigest: sha256:d2e665aec028709c793c980b34e9b69fcb5a1b6a8f85a9b4897c3b3605796079
        tags:
            - latest
            - speakeasy-sdk-regen-1741109719
            - "2024-04-01"
targets:
    gusto:
        source: Gusto-OAS
        sourceNamespace: gusto-oas
        sourceRevisionDigest: sha256:567e5eb3d3099178434fed33fdb02e3c999f5baaf1e6f30d25584f0d6a94d46f
        sourceBlobDigest: sha256:d2e665aec028709c793c980b34e9b69fcb5a1b6a8f85a9b4897c3b3605796079
        codeSamplesNamespace: gusto-oas-python-code-samples
        codeSamplesRevisionDigest: sha256:74f811f7371c3a6ba3696cbfaf29558578d233d5e6dc5c1a1d98163eeb235fb0
    gusto-app-int:
        source: Gusto-App-Int-OAS
        sourceNamespace: gusto-app-int-oas
        sourceRevisionDigest: sha256:c693384ef8e2af365191830bf87d3d0a8f59abea1f5feb015103fb3283b5be76
        sourceBlobDigest: sha256:bb7752fe5587982725e370527a5e922ee246a9bfd49049093133f05b1c4342f8
        codeSamplesNamespace: gusto-app-int-oas-python-code-samples
        codeSamplesRevisionDigest: sha256:5eb5b37e2779a831a89963b9c815e81ab7dc11f31b6dc6d4c50f9a0975e1ac59
workflow:
    workflowVersion: 1.0.0
    speakeasyVersion: latest
    sources:
        Gusto-App-Int-OAS:
            inputs:
                - location: https://raw.githubusercontent.com/Gusto/Gusto-Partner-API/main/generated/app-integrations/api.v2024-04-01.app-integrations.yaml
                  authHeader: Authorization
                  authSecret: $openapi_doc_auth_token
            overlays:
                - location: https://raw.githubusercontent.com/Gusto/Gusto-Partner-API/refs/heads/main/.speakeasy/speakeasy-app-int-modifications-overlay.yaml
                  authHeader: Authorization
                  authSecret: $openapi_doc_auth_token
                - location: gusto_app_int/.speakeasy/speakeasy-modifications-overlay.yaml
            registry:
                location: registry.speakeasyapi.dev/gusto/ruby-sdk/gusto-app-int-oas
        Gusto-OAS:
            inputs:
                - location: https://raw.githubusercontent.com/Gusto/Gusto-Partner-API/refs/heads/main/generated/embedded/api.v2024-04-01.embedded.yaml
                  authHeader: Authorization
                  authSecret: $openapi_doc_auth_token
            overlays:
                - location: https://raw.githubusercontent.com/Gusto/Gusto-Partner-API/refs/heads/main/.speakeasy/speakeasy-modifications-overlay.yaml
                  authHeader: Authorization
                  authSecret: $openapi_doc_auth_token
                - location: gusto_embedded/.speakeasy/speakeasy-modifications-overlay.yaml
            registry:
                location: registry.speakeasyapi.dev/gusto/ruby-sdk/gusto-oas
    targets:
        gusto:
            target: python
            source: Gusto-OAS
            output: ./gusto_embedded
            publish:
                pypi:
                    token: $pypi_token
            codeSamples:
                registry:
                    location: registry.speakeasyapi.dev/gusto/ruby-sdk/gusto-oas-python-code-samples
                labelOverride:
                    fixedValue: Python (SDK)
                blocking: false
        gusto-app-int:
            target: python
            source: Gusto-App-Int-OAS
            output: gusto_app_int
            publish:
                pypi:
                    token: $pypi_token
            codeSamples:
                registry:
                    location: registry.speakeasyapi.dev/gusto/ruby-sdk/gusto-app-int-oas-python-code-samples
                labelOverride:
                    fixedValue: Python (SDK)
                blocking: false
