speakeasyVersion: 1.545.0
sources:
    Gusto-App-Int-OAS:
        sourceNamespace: gusto-app-int-oas
        sourceRevisionDigest: sha256:936c5d2294c2e6353e14034e13209cd1556cb843f5b4bd8622e3343cb32930c0
        sourceBlobDigest: sha256:d163a2f057997ed965b420eae50df3ed34795a0f3e6e4b9f58e4f55042875d87
        tags:
            - latest
            - speakeasy-sdk-regen-1747441471
            - "2024-04-01"
    Gusto-OAS:
        sourceNamespace: gusto-oas
        sourceRevisionDigest: sha256:225bc4e85d7a912927f7f20c563438101570cbe1636014b00ffbfdf6e2ce6c4d
        sourceBlobDigest: sha256:26992d32f23d7d7b42e603166edcaa33b0c48cd0c6be81f4241e0a629e2cdf43
        tags:
            - latest
            - speakeasy-sdk-regen-1747441471
            - "2024-04-01"
targets:
    gusto:
        source: Gusto-OAS
        sourceNamespace: gusto-oas
        sourceRevisionDigest: sha256:225bc4e85d7a912927f7f20c563438101570cbe1636014b00ffbfdf6e2ce6c4d
        sourceBlobDigest: sha256:26992d32f23d7d7b42e603166edcaa33b0c48cd0c6be81f4241e0a629e2cdf43
        codeSamplesNamespace: gusto-oas-python-code-samples
        codeSamplesRevisionDigest: sha256:959144ecad463c7a90102e1d903c2df0de58c7169b57b680b5a6dfa7a269886d
    gusto-app-int:
        source: Gusto-App-Int-OAS
        sourceNamespace: gusto-app-int-oas
        sourceRevisionDigest: sha256:936c5d2294c2e6353e14034e13209cd1556cb843f5b4bd8622e3343cb32930c0
        sourceBlobDigest: sha256:d163a2f057997ed965b420eae50df3ed34795a0f3e6e4b9f58e4f55042875d87
        codeSamplesNamespace: gusto-app-int-oas-python-code-samples
        codeSamplesRevisionDigest: sha256:fc3f693027c02bc0a76f9d347d8d6ffcac584d3c9bd6f2abcb34dc3f4cdfeab7
workflow:
    workflowVersion: 1.0.0
    speakeasyVersion: latest
    sources:
        Gusto-App-Int-OAS:
            inputs:
                - location: https://raw.githubusercontent.com/Gusto/Gusto-Partner-API/main/generated/app-integrations/api.v2024-04-01.app-integrations.yaml
                  authHeader: Authorization
                  authSecret: $openapi_doc_auth_token
            overlays:
                - location: https://raw.githubusercontent.com/Gusto/Gusto-Partner-API/refs/heads/main/.speakeasy/speakeasy-app-int-modifications-overlay.yaml
                  authHeader: Authorization
                  authSecret: $openapi_doc_auth_token
                - location: gusto_app_int/.speakeasy/speakeasy-modifications-overlay.yaml
            registry:
                location: registry.speakeasyapi.dev/gusto/ruby-sdk/gusto-app-int-oas
        Gusto-OAS:
            inputs:
                - location: https://raw.githubusercontent.com/Gusto/Gusto-Partner-API/refs/heads/main/generated/embedded/api.v2024-04-01.embedded.yaml
                  authHeader: Authorization
                  authSecret: $openapi_doc_auth_token
            overlays:
                - location: https://raw.githubusercontent.com/Gusto/Gusto-Partner-API/refs/heads/main/.speakeasy/speakeasy-modifications-overlay.yaml
                  authHeader: Authorization
                  authSecret: $openapi_doc_auth_token
                - location: gusto_embedded/.speakeasy/speakeasy-modifications-overlay.yaml
            registry:
                location: registry.speakeasyapi.dev/gusto/ruby-sdk/gusto-oas
    targets:
        gusto:
            target: python
            source: Gusto-OAS
            output: ./gusto_embedded
            publish:
                pypi:
                    token: $pypi_token
            codeSamples:
                registry:
                    location: registry.speakeasyapi.dev/gusto/ruby-sdk/gusto-oas-python-code-samples
                labelOverride:
                    fixedValue: Python (SDK)
                blocking: false
        gusto-app-int:
            target: python
            source: Gusto-App-Int-OAS
            output: gusto_app_int
            publish:
                pypi:
                    token: $pypi_token
            codeSamples:
                registry:
                    location: registry.speakeasyapi.dev/gusto/ruby-sdk/gusto-app-int-oas-python-code-samples
                labelOverride:
                    fixedValue: Python (SDK)
                blocking: false
